{
  "version": 4,
  "terraform_version": "1.0.0",
  "serial": 3,
  "lineage": "5883a21c-20f2-af33-cd62-df3bb54ee067",
  "outputs": {
    "vpcid": {
      "value": "vpc-0d6c88122a0dfe10e",
      "type": "string"
    }
  },
  "resources": [
    {
      "mode": "managed",
      "type": "aws_vpc",
      "name": "myvpc",
      "provider": "provider[\"registry.terraform.io/hashicorp/aws\"]",
      "instances": [
        {
          "schema_version": 1,
          "attributes": {
            "arn": "arn:aws:ec2:us-east-1:909753130177:vpc/vpc-0d6c88122a0dfe10e",
            "assign_generated_ipv6_cidr_block": false,
            "cidr_block": "10.0.0.0/16",
            "default_network_acl_id": "acl-074ddea8e9064e1af",
            "default_route_table_id": "rtb-0e13bec3085bfe14c",
            "default_security_group_id": "sg-0137028feeff9dfc8",
            "dhcp_options_id": "dopt-7793cb0d",
            "enable_classiclink": false,
            "enable_classiclink_dns_support": false,
            "enable_dns_hostnames": false,
            "enable_dns_support": true,
            "id": "vpc-0d6c88122a0dfe10e",
            "instance_tenancy": "default",
            "ipv6_association_id": "",
            "ipv6_cidr_block": "",
            "main_route_table_id": "rtb-0e13bec3085bfe14c",
            "owner_id": "909753130177",
            "tags": {
              "Name": "myvpc"
            },
            "tags_all": {
              "Name": "myvpc"
            }
          },
          "sensitive_attributes": [],
          "private": "eyJzY2hlbWFfdmVyc2lvbiI6IjEifQ=="
        }
      ]
    }
  ]
}
